{
  "requires": true,
  "lockfileVersion": 1,
  "dependencies": {
    "machete-framework": {
      "version": "0.0.1",
      "resolved": "https://registry.npmjs.org/machete-framework/-/machete-framework-0.0.1.tgz",
      "integrity": "sha1-RmXcLJ8eevzqhcHeL5oF/ARYJrg=",
      "requires": {
        "matter-js": "0.11.1",
        "normalizecss": "3.0.0"
      }
    },
    "matter-js": {
      "version": "0.11.1",
      "resolved": "https://registry.npmjs.org/matter-js/-/matter-js-0.11.1.tgz",
      "integrity": "sha1-7AZT8J9Y0eq/pO7ZepuqGNgIkDY="
    },
    "normalizecss": {
      "version": "3.0.0",
      "resolved": "https://registry.npmjs.org/normalizecss/-/normalizecss-3.0.0.tgz",
      "integrity": "sha1-1sPThhyYIUVzKFqYrfyY0XbvECM="
    }
  }
}
